
Microsoft Visual Studio Solution File, Format Version 12.00
# Visual Studio Version 17
VisualStudioVersion = 17.14.36414.22
MinimumVisualStudioVersion = 10.0.40219.1
Project("{FAE04EC0-301F-11D3-BF4B-00C04F79EFBC}") = "GestionDeGastos", "GestionDeGastos\GestionDeGastos.csproj", "{6F85FF98-32D0-4192-96DE-6D0EF0CD06AE}"
EndProject
Project("{FAE04EC0-301F-11D3-BF4B-00C04F79EFBC}") = "GestionDeGastos.AccesoADatos", "GestionDeGastos.AccesoADatos\GestionDeGastos.AccesoADatos.csproj", "{A07E4ACE-0620-40AD-AD1B-65658D2FFE7E}"
EndProject
Project("{FAE04EC0-301F-11D3-BF4B-00C04F79EFBC}") = "GestionDeGastos.Servicio", "GestionDeGastos.Servicio\GestionDeGastos.Servicio.csproj", "{68F3E45A-13CE-4B49-B206-7AD8C777CD0C}"
EndProject
Global
	GlobalSection(SolutionConfigurationPlatforms) = preSolution
		Debug|Any CPU = Debug|Any CPU
		Release|Any CPU = Release|Any CPU
	EndGlobalSection
	GlobalSection(ProjectConfigurationPlatforms) = postSolution
		{6F85FF98-32D0-4192-96DE-6D0EF0CD06AE}.Debug|Any CPU.ActiveCfg = Debug|Any CPU
		{6F85FF98-32D0-4192-96DE-6D0EF0CD06AE}.Debug|Any CPU.Build.0 = Debug|Any CPU
		{6F85FF98-32D0-4192-96DE-6D0EF0CD06AE}.Release|Any CPU.ActiveCfg = Release|Any CPU
		{6F85FF98-32D0-4192-96DE-6D0EF0CD06AE}.Release|Any CPU.Build.0 = Release|Any CPU
		{A07E4ACE-0620-40AD-AD1B-65658D2FFE7E}.Debug|Any CPU.ActiveCfg = Debug|Any CPU
		{A07E4ACE-0620-40AD-AD1B-65658D2FFE7E}.Debug|Any CPU.Build.0 = Debug|Any CPU
		{A07E4ACE-0620-40AD-AD1B-65658D2FFE7E}.Release|Any CPU.ActiveCfg = Release|Any CPU
		{A07E4ACE-0620-40AD-AD1B-65658D2FFE7E}.Release|Any CPU.Build.0 = Release|Any CPU
		{68F3E45A-13CE-4B49-B206-7AD8C777CD0C}.Debug|Any CPU.ActiveCfg = Debug|Any CPU
		{68F3E45A-13CE-4B49-B206-7AD8C777CD0C}.Debug|Any CPU.Build.0 = Debug|Any CPU
		{68F3E45A-13CE-4B49-B206-7AD8C777CD0C}.Release|Any CPU.ActiveCfg = Release|Any CPU
		{68F3E45A-13CE-4B49-B206-7AD8C777CD0C}.Release|Any CPU.Build.0 = Release|Any CPU
	EndGlobalSection
	GlobalSection(SolutionProperties) = preSolution
		HideSolutionNode = FALSE
	EndGlobalSection
	GlobalSection(ExtensibilityGlobals) = postSolution
		SolutionGuid = {19748800-5AC5-49F2-9757-56EC516A1798}
	EndGlobalSection
EndGlobal
